
Microsoft Visual Studio Solution File, Format Version 12.00
# Visual Studio Version 17
VisualStudioVersion = 17.13.35919.96 d17.13
MinimumVisualStudioVersion = 10.0.40219.1
Project("{FAE04EC0-301F-11D3-BF4B-00C04F79EFBC}") = "HiringManager.Web", "HiringManager.Web\HiringManager.Web.csproj", "{810057BA-501C-4BBD-B62E-3C1A2DE70BF5}"
EndProject
Project("{FAE04EC0-301F-11D3-BF4B-00C04F79EFBC}") = "HiringManager.DataAccess", "HiringManager.DataAccess\HiringManager.DataAccess.csproj", "{0208A7FE-DF7F-4D54-B80D-D357EC1BCF16}"
EndProject
Project("{FAE04EC0-301F-11D3-BF4B-00C04F79EFBC}") = "HiringManager.Models", "HiringManager.Models\HiringManager.Models.csproj", "{A73D4CC8-051E-4F63-8D37-A4C64D4F56BF}"
EndProject
Global
	GlobalSection(SolutionConfigurationPlatforms) = preSolution
		Debug|Any CPU = Debug|Any CPU
		Release|Any CPU = Release|Any CPU
	EndGlobalSection
	GlobalSection(ProjectConfigurationPlatforms) = postSolution
		{810057BA-501C-4BBD-B62E-3C1A2DE70BF5}.Debug|Any CPU.ActiveCfg = Debug|Any CPU
		{810057BA-501C-4BBD-B62E-3C1A2DE70BF5}.Debug|Any CPU.Build.0 = Debug|Any CPU
		{810057BA-501C-4BBD-B62E-3C1A2DE70BF5}.Release|Any CPU.ActiveCfg = Release|Any CPU
		{810057BA-501C-4BBD-B62E-3C1A2DE70BF5}.Release|Any CPU.Build.0 = Release|Any CPU
		{0208A7FE-DF7F-4D54-B80D-D357EC1BCF16}.Debug|Any CPU.ActiveCfg = Debug|Any CPU
		{0208A7FE-DF7F-4D54-B80D-D357EC1BCF16}.Debug|Any CPU.Build.0 = Debug|Any CPU
		{0208A7FE-DF7F-4D54-B80D-D357EC1BCF16}.Release|Any CPU.ActiveCfg = Release|Any CPU
		{0208A7FE-DF7F-4D54-B80D-D357EC1BCF16}.Release|Any CPU.Build.0 = Release|Any CPU
		{A73D4CC8-051E-4F63-8D37-A4C64D4F56BF}.Debug|Any CPU.ActiveCfg = Debug|Any CPU
		{A73D4CC8-051E-4F63-8D37-A4C64D4F56BF}.Debug|Any CPU.Build.0 = Debug|Any CPU
		{A73D4CC8-051E-4F63-8D37-A4C64D4F56BF}.Release|Any CPU.ActiveCfg = Release|Any CPU
		{A73D4CC8-051E-4F63-8D37-A4C64D4F56BF}.Release|Any CPU.Build.0 = Release|Any CPU
	EndGlobalSection
	GlobalSection(SolutionProperties) = preSolution
		HideSolutionNode = FALSE
	EndGlobalSection
	GlobalSection(ExtensibilityGlobals) = postSolution
		SolutionGuid = {18944C76-04A2-42F7-BEB9-11A02A9F2E74}
	EndGlobalSection
EndGlobal
